
Microsoft Visual Studio Solution File, Format Version 12.00
# Visual Studio Version 16
VisualStudioVersion = 16.0.31205.134
MinimumVisualStudioVersion = 10.0.40219.1
Project("{FAE04EC0-301F-11D3-BF4B-00C04F79EFBC}") = "Binary Search Trees", "Binary Search Trees\Binary Search Trees.csproj", "{1B205EB4-54A4-4BC8-A92D-6E8D7ED146DF}"
EndProject
Global
	GlobalSection(SolutionConfigurationPlatforms) = preSolution
		Debug|Any CPU = Debug|Any CPU
		Release|Any CPU = Release|Any CPU
	EndGlobalSection
	GlobalSection(ProjectConfigurationPlatforms) = postSolution
		{1B205EB4-54A4-4BC8-A92D-6E8D7ED146DF}.Debug|Any CPU.ActiveCfg = Debug|Any CPU
		{1B205EB4-54A4-4BC8-A92D-6E8D7ED146DF}.Debug|Any CPU.Build.0 = Debug|Any CPU
		{1B205EB4-54A4-4BC8-A92D-6E8D7ED146DF}.Release|Any CPU.ActiveCfg = Release|Any CPU
		{1B205EB4-54A4-4BC8-A92D-6E8D7ED146DF}.Release|Any CPU.Build.0 = Release|Any CPU
	EndGlobalSection
	GlobalSection(SolutionProperties) = preSolution
		HideSolutionNode = FALSE
	EndGlobalSection
	GlobalSection(ExtensibilityGlobals) = postSolution
		SolutionGuid = {4BE2BA11-9E4C-43A3-913D-A70BF68FAC21}
	EndGlobalSection
EndGlobal
